
Microsoft Visual Studio Solution File, Format Version 12.00
# Visual Studio 15
VisualStudioVersion = 15.0.26430.6
MinimumVisualStudioVersion = 10.0.40219.1
Project("{9A19103F-16F7-4668-BE54-9A1E7A4F7556}") = "CommonLibrariesForNetStandard", "src\CommonLibrariesForNetStandard\CommonLibrariesForNetStandard.csproj", "{FD16D11D-69D3-46EF-BF0E-B9196981A8F3}"
EndProject
Project("{9A19103F-16F7-4668-BE54-9A1E7A4F7556}") = "ForceToolkitForNetStandard", "src\ForceToolkitForNetStandard\ForceToolkitForNetStandard.csproj", "{D032073A-71DF-49B0-A93C-4F8953F1181D}"
EndProject
Project("{FAE04EC0-301F-11D3-BF4B-00C04F79EFBC}") = "ChatterToolkitForNetStandard", "src\ChatterToolkitForNetStandard\ChatterToolkitForNetStandard.csproj", "{9B28E59B-C12E-4DEE-9772-F42508FC795D}"
EndProject
Project("{2150E333-8FDC-42A3-9474-1A3956D46DE8}") = "Tests", "Tests", "{6ED2677D-AF47-4A43-B3A4-406CAB4A38E0}"
EndProject
Project("{FAE04EC0-301F-11D3-BF4B-00C04F79EFBC}") = "ForceToolkitForNetStandard.UnitTests", "tests\ForceToolkitForNetStandard.UnitTests\ForceToolkitForNetStandard.UnitTests.csproj", "{385C3761-0849-4364-80C1-6130DD489FA8}"
EndProject
Project("{FAE04EC0-301F-11D3-BF4B-00C04F79EFBC}") = "ForceToolkitForNetStandard.FunctionalTests", "tests\ForceToolkitForNetStandard.FunctionalTests\ForceToolkitForNetStandard.FunctionalTests.csproj", "{2444DEEC-E782-48DA-84E3-C50C154D699E}"
EndProject
Project("{FAE04EC0-301F-11D3-BF4B-00C04F79EFBC}") = "CommonLibrariesForNetStandard.UnitTests", "tests\CommonLibrariesForNetStandard.UnitTests\CommonLibrariesForNetStandard.UnitTests.csproj", "{6917B46C-DFA6-428C-BEF8-233B98CC4187}"
EndProject
Project("{FAE04EC0-301F-11D3-BF4B-00C04F79EFBC}") = "CommonLibrariesForNetStandard.FunctionalTests", "tests\CommonLibrariesForNetStandard.FunctionalTests\CommonLibrariesForNetStandard.FunctionalTests.csproj", "{030F8DF4-BFA3-4D16-9C9D-1951F30EE12A}"
EndProject
Global
	GlobalSection(SolutionConfigurationPlatforms) = preSolution
		Debug|Any CPU = Debug|Any CPU
		Release|Any CPU = Release|Any CPU
	EndGlobalSection
	GlobalSection(ProjectConfigurationPlatforms) = postSolution
		{FD16D11D-69D3-46EF-BF0E-B9196981A8F3}.Debug|Any CPU.ActiveCfg = Debug|Any CPU
		{FD16D11D-69D3-46EF-BF0E-B9196981A8F3}.Debug|Any CPU.Build.0 = Debug|Any CPU
		{FD16D11D-69D3-46EF-BF0E-B9196981A8F3}.Release|Any CPU.ActiveCfg = Release|Any CPU
		{FD16D11D-69D3-46EF-BF0E-B9196981A8F3}.Release|Any CPU.Build.0 = Release|Any CPU
		{D032073A-71DF-49B0-A93C-4F8953F1181D}.Debug|Any CPU.ActiveCfg = Debug|Any CPU
		{D032073A-71DF-49B0-A93C-4F8953F1181D}.Debug|Any CPU.Build.0 = Debug|Any CPU
		{D032073A-71DF-49B0-A93C-4F8953F1181D}.Release|Any CPU.ActiveCfg = Release|Any CPU
		{D032073A-71DF-49B0-A93C-4F8953F1181D}.Release|Any CPU.Build.0 = Release|Any CPU
		{9B28E59B-C12E-4DEE-9772-F42508FC795D}.Debug|Any CPU.ActiveCfg = Debug|Any CPU
		{9B28E59B-C12E-4DEE-9772-F42508FC795D}.Debug|Any CPU.Build.0 = Debug|Any CPU
		{9B28E59B-C12E-4DEE-9772-F42508FC795D}.Release|Any CPU.ActiveCfg = Release|Any CPU
		{9B28E59B-C12E-4DEE-9772-F42508FC795D}.Release|Any CPU.Build.0 = Release|Any CPU
		{385C3761-0849-4364-80C1-6130DD489FA8}.Debug|Any CPU.ActiveCfg = Debug|Any CPU
		{385C3761-0849-4364-80C1-6130DD489FA8}.Debug|Any CPU.Build.0 = Debug|Any CPU
		{385C3761-0849-4364-80C1-6130DD489FA8}.Release|Any CPU.ActiveCfg = Release|Any CPU
		{385C3761-0849-4364-80C1-6130DD489FA8}.Release|Any CPU.Build.0 = Release|Any CPU
		{2444DEEC-E782-48DA-84E3-C50C154D699E}.Debug|Any CPU.ActiveCfg = Debug|Any CPU
		{2444DEEC-E782-48DA-84E3-C50C154D699E}.Debug|Any CPU.Build.0 = Debug|Any CPU
		{2444DEEC-E782-48DA-84E3-C50C154D699E}.Release|Any CPU.ActiveCfg = Release|Any CPU
		{2444DEEC-E782-48DA-84E3-C50C154D699E}.Release|Any CPU.Build.0 = Release|Any CPU
		{6917B46C-DFA6-428C-BEF8-233B98CC4187}.Debug|Any CPU.ActiveCfg = Debug|Any CPU
		{6917B46C-DFA6-428C-BEF8-233B98CC4187}.Debug|Any CPU.Build.0 = Debug|Any CPU
		{6917B46C-DFA6-428C-BEF8-233B98CC4187}.Release|Any CPU.ActiveCfg = Release|Any CPU
		{6917B46C-DFA6-428C-BEF8-233B98CC4187}.Release|Any CPU.Build.0 = Release|Any CPU
		{030F8DF4-BFA3-4D16-9C9D-1951F30EE12A}.Debug|Any CPU.ActiveCfg = Debug|Any CPU
		{030F8DF4-BFA3-4D16-9C9D-1951F30EE12A}.Debug|Any CPU.Build.0 = Debug|Any CPU
		{030F8DF4-BFA3-4D16-9C9D-1951F30EE12A}.Release|Any CPU.ActiveCfg = Release|Any CPU
		{030F8DF4-BFA3-4D16-9C9D-1951F30EE12A}.Release|Any CPU.Build.0 = Release|Any CPU
	EndGlobalSection
	GlobalSection(SolutionProperties) = preSolution
		HideSolutionNode = FALSE
	EndGlobalSection
	GlobalSection(NestedProjects) = preSolution
		{385C3761-0849-4364-80C1-6130DD489FA8} = {6ED2677D-AF47-4A43-B3A4-406CAB4A38E0}
		{2444DEEC-E782-48DA-84E3-C50C154D699E} = {6ED2677D-AF47-4A43-B3A4-406CAB4A38E0}
		{6917B46C-DFA6-428C-BEF8-233B98CC4187} = {6ED2677D-AF47-4A43-B3A4-406CAB4A38E0}
		{030F8DF4-BFA3-4D16-9C9D-1951F30EE12A} = {6ED2677D-AF47-4A43-B3A4-406CAB4A38E0}
	EndGlobalSection
EndGlobal
