
Microsoft Visual Studio Solution File, Format Version 12.00
# Visual Studio 15
VisualStudioVersion = 15.0.26430.6
MinimumVisualStudioVersion = 10.0.40219.1
Project("{FAE04EC0-301F-11D3-BF4B-00C04F79EFBC}") = "CommonLibrariesForNetStandard", "src\CommonLibrariesForNetStandard\CommonLibrariesForNetStandard.csproj", "{FD16D11D-69D3-46EF-BF0E-B9196981A8F3}"
EndProject
Project("{FAE04EC0-301F-11D3-BF4B-00C04F79EFBC}") = "ForceToolkitForNetStandard", "src\ForceToolkitForNetStandard\ForceToolkitForNetStandard.csproj", "{D032073A-71DF-49B0-A93C-4F8953F1181D}"
EndProject
Global
	GlobalSection(SolutionConfigurationPlatforms) = preSolution
		Debug|Any CPU = Debug|Any CPU
		Release|Any CPU = Release|Any CPU
	EndGlobalSection
	GlobalSection(ProjectConfigurationPlatforms) = postSolution
		{FD16D11D-69D3-46EF-BF0E-B9196981A8F3}.Debug|Any CPU.ActiveCfg = Debug|Any CPU
		{FD16D11D-69D3-46EF-BF0E-B9196981A8F3}.Debug|Any CPU.Build.0 = Debug|Any CPU
		{FD16D11D-69D3-46EF-BF0E-B9196981A8F3}.Release|Any CPU.ActiveCfg = Release|Any CPU
		{FD16D11D-69D3-46EF-BF0E-B9196981A8F3}.Release|Any CPU.Build.0 = Release|Any CPU
		{D032073A-71DF-49B0-A93C-4F8953F1181D}.Debug|Any CPU.ActiveCfg = Debug|Any CPU
		{D032073A-71DF-49B0-A93C-4F8953F1181D}.Debug|Any CPU.Build.0 = Debug|Any CPU
		{D032073A-71DF-49B0-A93C-4F8953F1181D}.Release|Any CPU.ActiveCfg = Release|Any CPU
		{D032073A-71DF-49B0-A93C-4F8953F1181D}.Release|Any CPU.Build.0 = Release|Any CPU
	EndGlobalSection
	GlobalSection(SolutionProperties) = preSolution
		HideSolutionNode = FALSE
	EndGlobalSection
EndGlobal
